
Microsoft Visual Studio Solution File, Format Version 12.00
# Visual Studio 15
VisualStudioVersion = 15.0.26124.0
MinimumVisualStudioVersion = 15.0.26124.0
Project("{FAE04EC0-301F-11D3-BF4B-00C04F79EFBC}") = "Domain", "Domain\Domain.csproj", "{AB2D468A-5BA3-4009-91C0-98B0E323BEBC}"
EndProject
Project("{FAE04EC0-301F-11D3-BF4B-00C04F79EFBC}") = "Application", "Application\Application.csproj", "{BEADBD89-2E19-49C1-90AE-8193FEF78BDA}"
EndProject
Project("{FAE04EC0-301F-11D3-BF4B-00C04F79EFBC}") = "Persistence", "Persistence\Persistence.csproj", "{31D321BA-F846-4B7A-AF4E-B2D31F038C9B}"
EndProject
Project("{FAE04EC0-301F-11D3-BF4B-00C04F79EFBC}") = "API", "API\API.csproj", "{A9DD58C7-2A26-4D90-8621-39726AF1CF37}"
EndProject
Global
	GlobalSection(SolutionConfigurationPlatforms) = preSolution
		Debug|Any CPU = Debug|Any CPU
		Debug|x64 = Debug|x64
		Debug|x86 = Debug|x86
		Release|Any CPU = Release|Any CPU
		Release|x64 = Release|x64
		Release|x86 = Release|x86
	EndGlobalSection
	GlobalSection(SolutionProperties) = preSolution
		HideSolutionNode = FALSE
	EndGlobalSection
	GlobalSection(ProjectConfigurationPlatforms) = postSolution
		{AB2D468A-5BA3-4009-91C0-98B0E323BEBC}.Debug|Any CPU.ActiveCfg = Debug|Any CPU
		{AB2D468A-5BA3-4009-91C0-98B0E323BEBC}.Debug|Any CPU.Build.0 = Debug|Any CPU
		{AB2D468A-5BA3-4009-91C0-98B0E323BEBC}.Debug|x64.ActiveCfg = Debug|Any CPU
		{AB2D468A-5BA3-4009-91C0-98B0E323BEBC}.Debug|x64.Build.0 = Debug|Any CPU
		{AB2D468A-5BA3-4009-91C0-98B0E323BEBC}.Debug|x86.ActiveCfg = Debug|Any CPU
		{AB2D468A-5BA3-4009-91C0-98B0E323BEBC}.Debug|x86.Build.0 = Debug|Any CPU
		{AB2D468A-5BA3-4009-91C0-98B0E323BEBC}.Release|Any CPU.ActiveCfg = Release|Any CPU
		{AB2D468A-5BA3-4009-91C0-98B0E323BEBC}.Release|Any CPU.Build.0 = Release|Any CPU
		{AB2D468A-5BA3-4009-91C0-98B0E323BEBC}.Release|x64.ActiveCfg = Release|Any CPU
		{AB2D468A-5BA3-4009-91C0-98B0E323BEBC}.Release|x64.Build.0 = Release|Any CPU
		{AB2D468A-5BA3-4009-91C0-98B0E323BEBC}.Release|x86.ActiveCfg = Release|Any CPU
		{AB2D468A-5BA3-4009-91C0-98B0E323BEBC}.Release|x86.Build.0 = Release|Any CPU
		{BEADBD89-2E19-49C1-90AE-8193FEF78BDA}.Debug|Any CPU.ActiveCfg = Debug|Any CPU
		{BEADBD89-2E19-49C1-90AE-8193FEF78BDA}.Debug|Any CPU.Build.0 = Debug|Any CPU
		{BEADBD89-2E19-49C1-90AE-8193FEF78BDA}.Debug|x64.ActiveCfg = Debug|Any CPU
		{BEADBD89-2E19-49C1-90AE-8193FEF78BDA}.Debug|x64.Build.0 = Debug|Any CPU
		{BEADBD89-2E19-49C1-90AE-8193FEF78BDA}.Debug|x86.ActiveCfg = Debug|Any CPU
		{BEADBD89-2E19-49C1-90AE-8193FEF78BDA}.Debug|x86.Build.0 = Debug|Any CPU
		{BEADBD89-2E19-49C1-90AE-8193FEF78BDA}.Release|Any CPU.ActiveCfg = Release|Any CPU
		{BEADBD89-2E19-49C1-90AE-8193FEF78BDA}.Release|Any CPU.Build.0 = Release|Any CPU
		{BEADBD89-2E19-49C1-90AE-8193FEF78BDA}.Release|x64.ActiveCfg = Release|Any CPU
		{BEADBD89-2E19-49C1-90AE-8193FEF78BDA}.Release|x64.Build.0 = Release|Any CPU
		{BEADBD89-2E19-49C1-90AE-8193FEF78BDA}.Release|x86.ActiveCfg = Release|Any CPU
		{BEADBD89-2E19-49C1-90AE-8193FEF78BDA}.Release|x86.Build.0 = Release|Any CPU
		{31D321BA-F846-4B7A-AF4E-B2D31F038C9B}.Debug|Any CPU.ActiveCfg = Debug|Any CPU
		{31D321BA-F846-4B7A-AF4E-B2D31F038C9B}.Debug|Any CPU.Build.0 = Debug|Any CPU
		{31D321BA-F846-4B7A-AF4E-B2D31F038C9B}.Debug|x64.ActiveCfg = Debug|Any CPU
		{31D321BA-F846-4B7A-AF4E-B2D31F038C9B}.Debug|x64.Build.0 = Debug|Any CPU
		{31D321BA-F846-4B7A-AF4E-B2D31F038C9B}.Debug|x86.ActiveCfg = Debug|Any CPU
		{31D321BA-F846-4B7A-AF4E-B2D31F038C9B}.Debug|x86.Build.0 = Debug|Any CPU
		{31D321BA-F846-4B7A-AF4E-B2D31F038C9B}.Release|Any CPU.ActiveCfg = Release|Any CPU
		{31D321BA-F846-4B7A-AF4E-B2D31F038C9B}.Release|Any CPU.Build.0 = Release|Any CPU
		{31D321BA-F846-4B7A-AF4E-B2D31F038C9B}.Release|x64.ActiveCfg = Release|Any CPU
		{31D321BA-F846-4B7A-AF4E-B2D31F038C9B}.Release|x64.Build.0 = Release|Any CPU
		{31D321BA-F846-4B7A-AF4E-B2D31F038C9B}.Release|x86.ActiveCfg = Release|Any CPU
		{31D321BA-F846-4B7A-AF4E-B2D31F038C9B}.Release|x86.Build.0 = Release|Any CPU
		{A9DD58C7-2A26-4D90-8621-39726AF1CF37}.Debug|Any CPU.ActiveCfg = Debug|Any CPU
		{A9DD58C7-2A26-4D90-8621-39726AF1CF37}.Debug|Any CPU.Build.0 = Debug|Any CPU
		{A9DD58C7-2A26-4D90-8621-39726AF1CF37}.Debug|x64.ActiveCfg = Debug|Any CPU
		{A9DD58C7-2A26-4D90-8621-39726AF1CF37}.Debug|x64.Build.0 = Debug|Any CPU
		{A9DD58C7-2A26-4D90-8621-39726AF1CF37}.Debug|x86.ActiveCfg = Debug|Any CPU
		{A9DD58C7-2A26-4D90-8621-39726AF1CF37}.Debug|x86.Build.0 = Debug|Any CPU
		{A9DD58C7-2A26-4D90-8621-39726AF1CF37}.Release|Any CPU.ActiveCfg = Release|Any CPU
		{A9DD58C7-2A26-4D90-8621-39726AF1CF37}.Release|Any CPU.Build.0 = Release|Any CPU
		{A9DD58C7-2A26-4D90-8621-39726AF1CF37}.Release|x64.ActiveCfg = Release|Any CPU
		{A9DD58C7-2A26-4D90-8621-39726AF1CF37}.Release|x64.Build.0 = Release|Any CPU
		{A9DD58C7-2A26-4D90-8621-39726AF1CF37}.Release|x86.ActiveCfg = Release|Any CPU
		{A9DD58C7-2A26-4D90-8621-39726AF1CF37}.Release|x86.Build.0 = Release|Any CPU
	EndGlobalSection
EndGlobal
